
Microsoft Visual Studio Solution File, Format Version 12.00
# Visual Studio 14
VisualStudioVersion = 14.0.25420.1
MinimumVisualStudioVersion = 10.0.40219.1
Project("{2150E333-8FDC-42A3-9474-1A3956D46DE8}") = "Platforms", "Platforms", "{461A2FCB-B374-4E81-877C-94E46D760A23}"
EndProject
Project("{FAE04EC0-301F-11D3-BF4B-00C04F79EFBC}") = "Abyss.World", "Abyss.World\Abyss.World.csproj", "{E7706E83-8C47-4CF8-B692-AC37F2EDFA38}"
EndProject
Project("{2150E333-8FDC-42A3-9474-1A3956D46DE8}") = "Common", "Common", "{A27474CE-F311-4571-8BA8-3E959B593D38}"
EndProject
Project("{FAE04EC0-301F-11D3-BF4B-00C04F79EFBC}") = "Occasus.Core", "Occasus.Core\Occasus.Core.csproj", "{F458AFF5-6BCC-4EFA-9932-5894919E58A5}"
EndProject
Project("{2150E333-8FDC-42A3-9474-1A3956D46DE8}") = "Tools", "Tools", "{37A3FF0F-E6FF-4A22-B55A-E9E58A017DC8}"
EndProject
Project("{FAE04EC0-301F-11D3-BF4B-00C04F79EFBC}") = "Atlasser", "Atlasser\Atlasser.csproj", "{97CCB231-4773-45D4-92A3-B9E855E49D50}"
EndProject
Project("{FAE04EC0-301F-11D3-BF4B-00C04F79EFBC}") = "Chunker", "Chunker\Chunker.csproj", "{CD527DB4-2651-43F8-874E-1024944A963D}"
EndProject
Project("{2150E333-8FDC-42A3-9474-1A3956D46DE8}") = "Windows", "Windows", "{CE2248A3-4470-4ECB-AF46-85D786165605}"
EndProject
Project("{FAE04EC0-301F-11D3-BF4B-00C04F79EFBC}") = "Abyss.World.Windows", "Platforms\Windows\Abyss.World.Windows\Abyss.World.Windows.csproj", "{B2E8FA6A-C79C-4448-A22C-FAA1A4BC95EF}"
EndProject
Project("{FAE04EC0-301F-11D3-BF4B-00C04F79EFBC}") = "Abyss.Windows", "Platforms\Windows\Abyss.Windows\Abyss.Windows.csproj", "{A529040C-8180-4D3A-8971-E390DB240647}"
EndProject
Project("{FAE04EC0-301F-11D3-BF4B-00C04F79EFBC}") = "Occasus.Core.Windows", "Platforms\Windows\Occasus.Core.Windows\Occasus.Core.Windows.csproj", "{A22B8D42-5E11-470D-9F1A-6AF791FF4BE7}"
EndProject
Global
	GlobalSection(SolutionConfigurationPlatforms) = preSolution
		Debug|Any CPU = Debug|Any CPU
		Debug|ARM = Debug|ARM
		Debug|Mixed Platforms = Debug|Mixed Platforms
		Debug|Windows Phone = Debug|Windows Phone
		Debug|x64 = Debug|x64
		Debug|x86 = Debug|x86
		Release|Any CPU = Release|Any CPU
		Release|ARM = Release|ARM
		Release|Mixed Platforms = Release|Mixed Platforms
		Release|Windows Phone = Release|Windows Phone
		Release|x64 = Release|x64
		Release|x86 = Release|x86
	EndGlobalSection
	GlobalSection(ProjectConfigurationPlatforms) = postSolution
		{E7706E83-8C47-4CF8-B692-AC37F2EDFA38}.Debug|Any CPU.ActiveCfg = Debug|Any CPU
		{E7706E83-8C47-4CF8-B692-AC37F2EDFA38}.Debug|Any CPU.Build.0 = Debug|Any CPU
		{E7706E83-8C47-4CF8-B692-AC37F2EDFA38}.Debug|ARM.ActiveCfg = Debug|Any CPU
		{E7706E83-8C47-4CF8-B692-AC37F2EDFA38}.Debug|Mixed Platforms.ActiveCfg = Debug|Any CPU
		{E7706E83-8C47-4CF8-B692-AC37F2EDFA38}.Debug|Mixed Platforms.Build.0 = Debug|Any CPU
		{E7706E83-8C47-4CF8-B692-AC37F2EDFA38}.Debug|Windows Phone.ActiveCfg = Debug|Any CPU
		{E7706E83-8C47-4CF8-B692-AC37F2EDFA38}.Debug|x64.ActiveCfg = Debug|Any CPU
		{E7706E83-8C47-4CF8-B692-AC37F2EDFA38}.Debug|x86.ActiveCfg = Debug|Any CPU
		{E7706E83-8C47-4CF8-B692-AC37F2EDFA38}.Release|Any CPU.ActiveCfg = Release|Any CPU
		{E7706E83-8C47-4CF8-B692-AC37F2EDFA38}.Release|Any CPU.Build.0 = Release|Any CPU
		{E7706E83-8C47-4CF8-B692-AC37F2EDFA38}.Release|ARM.ActiveCfg = Release|Any CPU
		{E7706E83-8C47-4CF8-B692-AC37F2EDFA38}.Release|Mixed Platforms.ActiveCfg = Release|Any CPU
		{E7706E83-8C47-4CF8-B692-AC37F2EDFA38}.Release|Mixed Platforms.Build.0 = Release|Any CPU
		{E7706E83-8C47-4CF8-B692-AC37F2EDFA38}.Release|Windows Phone.ActiveCfg = Release|Any CPU
		{E7706E83-8C47-4CF8-B692-AC37F2EDFA38}.Release|x64.ActiveCfg = Release|Any CPU
		{E7706E83-8C47-4CF8-B692-AC37F2EDFA38}.Release|x86.ActiveCfg = Release|Any CPU
		{F458AFF5-6BCC-4EFA-9932-5894919E58A5}.Debug|Any CPU.ActiveCfg = Debug|Any CPU
		{F458AFF5-6BCC-4EFA-9932-5894919E58A5}.Debug|Any CPU.Build.0 = Debug|Any CPU
		{F458AFF5-6BCC-4EFA-9932-5894919E58A5}.Debug|ARM.ActiveCfg = Debug|Any CPU
		{F458AFF5-6BCC-4EFA-9932-5894919E58A5}.Debug|Mixed Platforms.ActiveCfg = Debug|Any CPU
		{F458AFF5-6BCC-4EFA-9932-5894919E58A5}.Debug|Mixed Platforms.Build.0 = Debug|Any CPU
		{F458AFF5-6BCC-4EFA-9932-5894919E58A5}.Debug|Windows Phone.ActiveCfg = Debug|Any CPU
		{F458AFF5-6BCC-4EFA-9932-5894919E58A5}.Debug|x64.ActiveCfg = Debug|Any CPU
		{F458AFF5-6BCC-4EFA-9932-5894919E58A5}.Debug|x86.ActiveCfg = Debug|Any CPU
		{F458AFF5-6BCC-4EFA-9932-5894919E58A5}.Release|Any CPU.ActiveCfg = Release|Any CPU
		{F458AFF5-6BCC-4EFA-9932-5894919E58A5}.Release|Any CPU.Build.0 = Release|Any CPU
		{F458AFF5-6BCC-4EFA-9932-5894919E58A5}.Release|ARM.ActiveCfg = Release|Any CPU
		{F458AFF5-6BCC-4EFA-9932-5894919E58A5}.Release|Mixed Platforms.ActiveCfg = Release|Any CPU
		{F458AFF5-6BCC-4EFA-9932-5894919E58A5}.Release|Mixed Platforms.Build.0 = Release|Any CPU
		{F458AFF5-6BCC-4EFA-9932-5894919E58A5}.Release|Windows Phone.ActiveCfg = Release|Any CPU
		{F458AFF5-6BCC-4EFA-9932-5894919E58A5}.Release|x64.ActiveCfg = Release|Any CPU
		{F458AFF5-6BCC-4EFA-9932-5894919E58A5}.Release|x86.ActiveCfg = Release|Any CPU
		{97CCB231-4773-45D4-92A3-B9E855E49D50}.Debug|Any CPU.ActiveCfg = Debug|Any CPU
		{97CCB231-4773-45D4-92A3-B9E855E49D50}.Debug|Any CPU.Build.0 = Debug|Any CPU
		{97CCB231-4773-45D4-92A3-B9E855E49D50}.Debug|ARM.ActiveCfg = Debug|Any CPU
		{97CCB231-4773-45D4-92A3-B9E855E49D50}.Debug|ARM.Build.0 = Debug|Any CPU
		{97CCB231-4773-45D4-92A3-B9E855E49D50}.Debug|Mixed Platforms.ActiveCfg = Debug|Any CPU
		{97CCB231-4773-45D4-92A3-B9E855E49D50}.Debug|Mixed Platforms.Build.0 = Debug|Any CPU
		{97CCB231-4773-45D4-92A3-B9E855E49D50}.Debug|Windows Phone.ActiveCfg = Debug|Any CPU
		{97CCB231-4773-45D4-92A3-B9E855E49D50}.Debug|Windows Phone.Build.0 = Debug|Any CPU
		{97CCB231-4773-45D4-92A3-B9E855E49D50}.Debug|x64.ActiveCfg = Debug|Any CPU
		{97CCB231-4773-45D4-92A3-B9E855E49D50}.Debug|x64.Build.0 = Debug|Any CPU
		{97CCB231-4773-45D4-92A3-B9E855E49D50}.Debug|x86.ActiveCfg = Debug|Any CPU
		{97CCB231-4773-45D4-92A3-B9E855E49D50}.Debug|x86.Build.0 = Debug|Any CPU
		{97CCB231-4773-45D4-92A3-B9E855E49D50}.Release|Any CPU.ActiveCfg = Release|Any CPU
		{97CCB231-4773-45D4-92A3-B9E855E49D50}.Release|Any CPU.Build.0 = Release|Any CPU
		{97CCB231-4773-45D4-92A3-B9E855E49D50}.Release|ARM.ActiveCfg = Release|Any CPU
		{97CCB231-4773-45D4-92A3-B9E855E49D50}.Release|ARM.Build.0 = Release|Any CPU
		{97CCB231-4773-45D4-92A3-B9E855E49D50}.Release|Mixed Platforms.ActiveCfg = Release|Any CPU
		{97CCB231-4773-45D4-92A3-B9E855E49D50}.Release|Mixed Platforms.Build.0 = Release|Any CPU
		{97CCB231-4773-45D4-92A3-B9E855E49D50}.Release|Windows Phone.ActiveCfg = Release|Any CPU
		{97CCB231-4773-45D4-92A3-B9E855E49D50}.Release|Windows Phone.Build.0 = Release|Any CPU
		{97CCB231-4773-45D4-92A3-B9E855E49D50}.Release|x64.ActiveCfg = Release|Any CPU
		{97CCB231-4773-45D4-92A3-B9E855E49D50}.Release|x64.Build.0 = Release|Any CPU
		{97CCB231-4773-45D4-92A3-B9E855E49D50}.Release|x86.ActiveCfg = Release|Any CPU
		{97CCB231-4773-45D4-92A3-B9E855E49D50}.Release|x86.Build.0 = Release|Any CPU
		{CD527DB4-2651-43F8-874E-1024944A963D}.Debug|Any CPU.ActiveCfg = Debug|Any CPU
		{CD527DB4-2651-43F8-874E-1024944A963D}.Debug|Any CPU.Build.0 = Debug|Any CPU
		{CD527DB4-2651-43F8-874E-1024944A963D}.Debug|ARM.ActiveCfg = Debug|Any CPU
		{CD527DB4-2651-43F8-874E-1024944A963D}.Debug|ARM.Build.0 = Debug|Any CPU
		{CD527DB4-2651-43F8-874E-1024944A963D}.Debug|Mixed Platforms.ActiveCfg = Debug|Any CPU
		{CD527DB4-2651-43F8-874E-1024944A963D}.Debug|Mixed Platforms.Build.0 = Debug|Any CPU
		{CD527DB4-2651-43F8-874E-1024944A963D}.Debug|Windows Phone.ActiveCfg = Debug|Any CPU
		{CD527DB4-2651-43F8-874E-1024944A963D}.Debug|Windows Phone.Build.0 = Debug|Any CPU
		{CD527DB4-2651-43F8-874E-1024944A963D}.Debug|x64.ActiveCfg = Debug|Any CPU
		{CD527DB4-2651-43F8-874E-1024944A963D}.Debug|x64.Build.0 = Debug|Any CPU
		{CD527DB4-2651-43F8-874E-1024944A963D}.Debug|x86.ActiveCfg = Debug|Any CPU
		{CD527DB4-2651-43F8-874E-1024944A963D}.Debug|x86.Build.0 = Debug|Any CPU
		{CD527DB4-2651-43F8-874E-1024944A963D}.Release|Any CPU.ActiveCfg = Release|Any CPU
		{CD527DB4-2651-43F8-874E-1024944A963D}.Release|Any CPU.Build.0 = Release|Any CPU
		{CD527DB4-2651-43F8-874E-1024944A963D}.Release|ARM.ActiveCfg = Release|Any CPU
		{CD527DB4-2651-43F8-874E-1024944A963D}.Release|ARM.Build.0 = Release|Any CPU
		{CD527DB4-2651-43F8-874E-1024944A963D}.Release|Mixed Platforms.ActiveCfg = Release|Any CPU
		{CD527DB4-2651-43F8-874E-1024944A963D}.Release|Mixed Platforms.Build.0 = Release|Any CPU
		{CD527DB4-2651-43F8-874E-1024944A963D}.Release|Windows Phone.ActiveCfg = Release|Any CPU
		{CD527DB4-2651-43F8-874E-1024944A963D}.Release|Windows Phone.Build.0 = Release|Any CPU
		{CD527DB4-2651-43F8-874E-1024944A963D}.Release|x64.ActiveCfg = Release|Any CPU
		{CD527DB4-2651-43F8-874E-1024944A963D}.Release|x64.Build.0 = Release|Any CPU
		{CD527DB4-2651-43F8-874E-1024944A963D}.Release|x86.ActiveCfg = Release|Any CPU
		{CD527DB4-2651-43F8-874E-1024944A963D}.Release|x86.Build.0 = Release|Any CPU
		{B2E8FA6A-C79C-4448-A22C-FAA1A4BC95EF}.Debug|Any CPU.ActiveCfg = Debug|Any CPU
		{B2E8FA6A-C79C-4448-A22C-FAA1A4BC95EF}.Debug|Any CPU.Build.0 = Debug|Any CPU
		{B2E8FA6A-C79C-4448-A22C-FAA1A4BC95EF}.Debug|ARM.ActiveCfg = Debug|Any CPU
		{B2E8FA6A-C79C-4448-A22C-FAA1A4BC95EF}.Debug|ARM.Build.0 = Debug|Any CPU
		{B2E8FA6A-C79C-4448-A22C-FAA1A4BC95EF}.Debug|Mixed Platforms.ActiveCfg = Debug|Any CPU
		{B2E8FA6A-C79C-4448-A22C-FAA1A4BC95EF}.Debug|Mixed Platforms.Build.0 = Debug|Any CPU
		{B2E8FA6A-C79C-4448-A22C-FAA1A4BC95EF}.Debug|Windows Phone.ActiveCfg = Debug|Any CPU
		{B2E8FA6A-C79C-4448-A22C-FAA1A4BC95EF}.Debug|Windows Phone.Build.0 = Debug|Any CPU
		{B2E8FA6A-C79C-4448-A22C-FAA1A4BC95EF}.Debug|x64.ActiveCfg = Debug|Any CPU
		{B2E8FA6A-C79C-4448-A22C-FAA1A4BC95EF}.Debug|x64.Build.0 = Debug|Any CPU
		{B2E8FA6A-C79C-4448-A22C-FAA1A4BC95EF}.Debug|x86.ActiveCfg = Debug|Any CPU
		{B2E8FA6A-C79C-4448-A22C-FAA1A4BC95EF}.Debug|x86.Build.0 = Debug|Any CPU
		{B2E8FA6A-C79C-4448-A22C-FAA1A4BC95EF}.Release|Any CPU.ActiveCfg = Release|Any CPU
		{B2E8FA6A-C79C-4448-A22C-FAA1A4BC95EF}.Release|Any CPU.Build.0 = Release|Any CPU
		{B2E8FA6A-C79C-4448-A22C-FAA1A4BC95EF}.Release|ARM.ActiveCfg = Release|Any CPU
		{B2E8FA6A-C79C-4448-A22C-FAA1A4BC95EF}.Release|ARM.Build.0 = Release|Any CPU
		{B2E8FA6A-C79C-4448-A22C-FAA1A4BC95EF}.Release|Mixed Platforms.ActiveCfg = Release|Any CPU
		{B2E8FA6A-C79C-4448-A22C-FAA1A4BC95EF}.Release|Mixed Platforms.Build.0 = Release|Any CPU
		{B2E8FA6A-C79C-4448-A22C-FAA1A4BC95EF}.Release|Windows Phone.ActiveCfg = Release|Any CPU
		{B2E8FA6A-C79C-4448-A22C-FAA1A4BC95EF}.Release|Windows Phone.Build.0 = Release|Any CPU
		{B2E8FA6A-C79C-4448-A22C-FAA1A4BC95EF}.Release|x64.ActiveCfg = Release|Any CPU
		{B2E8FA6A-C79C-4448-A22C-FAA1A4BC95EF}.Release|x64.Build.0 = Release|Any CPU
		{B2E8FA6A-C79C-4448-A22C-FAA1A4BC95EF}.Release|x86.ActiveCfg = Release|Any CPU
		{B2E8FA6A-C79C-4448-A22C-FAA1A4BC95EF}.Release|x86.Build.0 = Release|Any CPU
		{A529040C-8180-4D3A-8971-E390DB240647}.Debug|Any CPU.ActiveCfg = Debug|x86
		{A529040C-8180-4D3A-8971-E390DB240647}.Debug|ARM.ActiveCfg = Debug|x86
		{A529040C-8180-4D3A-8971-E390DB240647}.Debug|Mixed Platforms.ActiveCfg = Debug|x86
		{A529040C-8180-4D3A-8971-E390DB240647}.Debug|Mixed Platforms.Build.0 = Debug|x86
		{A529040C-8180-4D3A-8971-E390DB240647}.Debug|Windows Phone.ActiveCfg = Debug|x86
		{A529040C-8180-4D3A-8971-E390DB240647}.Debug|x64.ActiveCfg = Debug|x86
		{A529040C-8180-4D3A-8971-E390DB240647}.Debug|x86.ActiveCfg = Debug|x86
		{A529040C-8180-4D3A-8971-E390DB240647}.Debug|x86.Build.0 = Debug|x86
		{A529040C-8180-4D3A-8971-E390DB240647}.Release|Any CPU.ActiveCfg = Release|x86
		{A529040C-8180-4D3A-8971-E390DB240647}.Release|ARM.ActiveCfg = Release|x86
		{A529040C-8180-4D3A-8971-E390DB240647}.Release|Mixed Platforms.ActiveCfg = Release|x86
		{A529040C-8180-4D3A-8971-E390DB240647}.Release|Mixed Platforms.Build.0 = Release|x86
		{A529040C-8180-4D3A-8971-E390DB240647}.Release|Windows Phone.ActiveCfg = Release|x86
		{A529040C-8180-4D3A-8971-E390DB240647}.Release|x64.ActiveCfg = Release|x86
		{A529040C-8180-4D3A-8971-E390DB240647}.Release|x86.ActiveCfg = Release|x86
		{A529040C-8180-4D3A-8971-E390DB240647}.Release|x86.Build.0 = Release|x86
		{A22B8D42-5E11-470D-9F1A-6AF791FF4BE7}.Debug|Any CPU.ActiveCfg = Debug|Any CPU
		{A22B8D42-5E11-470D-9F1A-6AF791FF4BE7}.Debug|Any CPU.Build.0 = Debug|Any CPU
		{A22B8D42-5E11-470D-9F1A-6AF791FF4BE7}.Debug|ARM.ActiveCfg = Debug|Any CPU
		{A22B8D42-5E11-470D-9F1A-6AF791FF4BE7}.Debug|ARM.Build.0 = Debug|Any CPU
		{A22B8D42-5E11-470D-9F1A-6AF791FF4BE7}.Debug|Mixed Platforms.ActiveCfg = Debug|Any CPU
		{A22B8D42-5E11-470D-9F1A-6AF791FF4BE7}.Debug|Mixed Platforms.Build.0 = Debug|Any CPU
		{A22B8D42-5E11-470D-9F1A-6AF791FF4BE7}.Debug|Windows Phone.ActiveCfg = Debug|Any CPU
		{A22B8D42-5E11-470D-9F1A-6AF791FF4BE7}.Debug|Windows Phone.Build.0 = Debug|Any CPU
		{A22B8D42-5E11-470D-9F1A-6AF791FF4BE7}.Debug|x64.ActiveCfg = Debug|Any CPU
		{A22B8D42-5E11-470D-9F1A-6AF791FF4BE7}.Debug|x64.Build.0 = Debug|Any CPU
		{A22B8D42-5E11-470D-9F1A-6AF791FF4BE7}.Debug|x86.ActiveCfg = Debug|Any CPU
		{A22B8D42-5E11-470D-9F1A-6AF791FF4BE7}.Debug|x86.Build.0 = Debug|Any CPU
		{A22B8D42-5E11-470D-9F1A-6AF791FF4BE7}.Release|Any CPU.ActiveCfg = Release|Any CPU
		{A22B8D42-5E11-470D-9F1A-6AF791FF4BE7}.Release|Any CPU.Build.0 = Release|Any CPU
		{A22B8D42-5E11-470D-9F1A-6AF791FF4BE7}.Release|ARM.ActiveCfg = Release|Any CPU
		{A22B8D42-5E11-470D-9F1A-6AF791FF4BE7}.Release|ARM.Build.0 = Release|Any CPU
		{A22B8D42-5E11-470D-9F1A-6AF791FF4BE7}.Release|Mixed Platforms.ActiveCfg = Release|Any CPU
		{A22B8D42-5E11-470D-9F1A-6AF791FF4BE7}.Release|Mixed Platforms.Build.0 = Release|Any CPU
		{A22B8D42-5E11-470D-9F1A-6AF791FF4BE7}.Release|Windows Phone.ActiveCfg = Release|Any CPU
		{A22B8D42-5E11-470D-9F1A-6AF791FF4BE7}.Release|Windows Phone.Build.0 = Release|Any CPU
		{A22B8D42-5E11-470D-9F1A-6AF791FF4BE7}.Release|x64.ActiveCfg = Release|Any CPU
		{A22B8D42-5E11-470D-9F1A-6AF791FF4BE7}.Release|x64.Build.0 = Release|Any CPU
		{A22B8D42-5E11-470D-9F1A-6AF791FF4BE7}.Release|x86.ActiveCfg = Release|Any CPU
		{A22B8D42-5E11-470D-9F1A-6AF791FF4BE7}.Release|x86.Build.0 = Release|Any CPU
	EndGlobalSection
	GlobalSection(SolutionProperties) = preSolution
		HideSolutionNode = FALSE
	EndGlobalSection
	GlobalSection(NestedProjects) = preSolution
		{F458AFF5-6BCC-4EFA-9932-5894919E58A5} = {A27474CE-F311-4571-8BA8-3E959B593D38}
		{97CCB231-4773-45D4-92A3-B9E855E49D50} = {37A3FF0F-E6FF-4A22-B55A-E9E58A017DC8}
		{CD527DB4-2651-43F8-874E-1024944A963D} = {37A3FF0F-E6FF-4A22-B55A-E9E58A017DC8}
		{CE2248A3-4470-4ECB-AF46-85D786165605} = {461A2FCB-B374-4E81-877C-94E46D760A23}
		{B2E8FA6A-C79C-4448-A22C-FAA1A4BC95EF} = {CE2248A3-4470-4ECB-AF46-85D786165605}
		{A529040C-8180-4D3A-8971-E390DB240647} = {CE2248A3-4470-4ECB-AF46-85D786165605}
		{A22B8D42-5E11-470D-9F1A-6AF791FF4BE7} = {CE2248A3-4470-4ECB-AF46-85D786165605}
	EndGlobalSection
EndGlobal
